
Microsoft Visual Studio Solution File, Format Version 12.00
# Visual Studio Version 17
VisualStudioVersion = 17.3.32901.215
MinimumVisualStudioVersion = 10.0.40219.1
Project("{FAE04EC0-301F-11D3-BF4B-00C04F79EFBC}") = "Qardless.API", "Qardless.API\Qardless.API.csproj", "{09B1681D-1B06-40B7-A680-CE1BDEC3387B}"
EndProject
Global
	GlobalSection(SolutionConfigurationPlatforms) = preSolution
		Debug|Any CPU = Debug|Any CPU
		Release|Any CPU = Release|Any CPU
	EndGlobalSection
	GlobalSection(ProjectConfigurationPlatforms) = postSolution
		{09B1681D-1B06-40B7-A680-CE1BDEC3387B}.Debug|Any CPU.ActiveCfg = Debug|Any CPU
		{09B1681D-1B06-40B7-A680-CE1BDEC3387B}.Debug|Any CPU.Build.0 = Debug|Any CPU
		{09B1681D-1B06-40B7-A680-CE1BDEC3387B}.Release|Any CPU.ActiveCfg = Release|Any CPU
		{09B1681D-1B06-40B7-A680-CE1BDEC3387B}.Release|Any CPU.Build.0 = Release|Any CPU
	EndGlobalSection
	GlobalSection(SolutionProperties) = preSolution
		HideSolutionNode = FALSE
	EndGlobalSection
	GlobalSection(ExtensibilityGlobals) = postSolution
		SolutionGuid = {8E2CDA84-99CB-4658-B639-6FEBEE4C8528}
	EndGlobalSection
EndGlobal
